
Microsoft Visual Studio Solution File, Format Version 12.00
# Visual Studio 15
VisualStudioVersion = 15.0.27130.2036
MinimumVisualStudioVersion = 10.0.40219.1
Project("{FAE04EC0-301F-11D3-BF4B-00C04F79EFBC}") = "ProjetTII", "ProjetTII\ProjetTII.csproj", "{881E0E8C-3172-4E77-A7C1-2514B77DABC8}"
EndProject
Project("{FAE04EC0-301F-11D3-BF4B-00C04F79EFBC}") = "ProjetTIITests1", "ProjetTIITests1\ProjetTIITests1.csproj", "{F5BEE643-89CE-48CF-A90A-F13486412E7F}"
EndProject
Global
	GlobalSection(SolutionConfigurationPlatforms) = preSolution
		Debug|Any CPU = Debug|Any CPU
		Release|Any CPU = Release|Any CPU
	EndGlobalSection
	GlobalSection(ProjectConfigurationPlatforms) = postSolution
		{881E0E8C-3172-4E77-A7C1-2514B77DABC8}.Debug|Any CPU.ActiveCfg = Debug|Any CPU
		{881E0E8C-3172-4E77-A7C1-2514B77DABC8}.Debug|Any CPU.Build.0 = Debug|Any CPU
		{881E0E8C-3172-4E77-A7C1-2514B77DABC8}.Release|Any CPU.ActiveCfg = Release|Any CPU
		{881E0E8C-3172-4E77-A7C1-2514B77DABC8}.Release|Any CPU.Build.0 = Release|Any CPU
		{F5BEE643-89CE-48CF-A90A-F13486412E7F}.Debug|Any CPU.ActiveCfg = Debug|Any CPU
		{F5BEE643-89CE-48CF-A90A-F13486412E7F}.Debug|Any CPU.Build.0 = Debug|Any CPU
		{F5BEE643-89CE-48CF-A90A-F13486412E7F}.Release|Any CPU.ActiveCfg = Release|Any CPU
		{F5BEE643-89CE-48CF-A90A-F13486412E7F}.Release|Any CPU.Build.0 = Release|Any CPU
	EndGlobalSection
	GlobalSection(SolutionProperties) = preSolution
		HideSolutionNode = FALSE
	EndGlobalSection
	GlobalSection(ExtensibilityGlobals) = postSolution
		SolutionGuid = {8236AE75-8FE3-4136-BF60-BE5F9E14EC9B}
	EndGlobalSection
EndGlobal
